// !$*UTF8*$!
{
	archiveVersion = 1;
	classes = {
	};
	objectVersion = 56;
	objects = {

/* Begin PBXBuildFile section */
		FDA7EB102B256D5B006ED3F3 /* AppCoordinator.swift in Sources */ = {isa = PBXBuildFile; fileRef = FDA7EB0F2B256D5B006ED3F3 /* AppCoordinator.swift */; };
		FDA7EB132B256DDB006ED3F3 /* Providers.swift in Sources */ = {isa = PBXBuildFile; fileRef = FDA7EB122B256DDB006ED3F3 /* Providers.swift */; };
		FDA7EB152B256E76006ED3F3 /* QuoteCoordinator.swift in Sources */ = {isa = PBXBuildFile; fileRef = FDA7EB142B256E76006ED3F3 /* QuoteCoordinator.swift */; };
		FDA7EB172B256FAB006ED3F3 /* AnyDecodable.swift in Sources */ = {isa = PBXBuildFile; fileRef = FDA7EB162B256FAB006ED3F3 /* AnyDecodable.swift */; };
		FDA7EB192B256FED006ED3F3 /* QuoteChartsResults.swift in Sources */ = {isa = PBXBuildFile; fileRef = FDA7EB182B256FED006ED3F3 /* QuoteChartsResults.swift */; };
		FDA7EB1B2B2570B1006ED3F3 /* QuoteClient.swift in Sources */ = {isa = PBXBuildFile; fileRef = FDA7EB1A2B2570B1006ED3F3 /* QuoteClient.swift */; };
		FDA7EB1D2B2570F7006ED3F3 /* QuoteListResult.swift in Sources */ = {isa = PBXBuildFile; fileRef = FDA7EB1C2B2570F7006ED3F3 /* QuoteListResult.swift */; };
		FDA7EB202B257748006ED3F3 /* TimeIntervalControl.swift in Sources */ = {isa = PBXBuildFile; fileRef = FDA7EB1F2B257748006ED3F3 /* TimeIntervalControl.swift */; };
		FDA7EB222B2577ED006ED3F3 /* Theme.swift in Sources */ = {isa = PBXBuildFile; fileRef = FDA7EB212B2577ED006ED3F3 /* Theme.swift */; };
		FDA7EB242B257835006ED3F3 /* ErrorDetail.swift in Sources */ = {isa = PBXBuildFile; fileRef = FDA7EB232B257835006ED3F3 /* ErrorDetail.swift */; };
		FDA7EB262B2578ED006ED3F3 /* GraphView.swift in Sources */ = {isa = PBXBuildFile; fileRef = FDA7EB252B2578ED006ED3F3 /* GraphView.swift */; };
		FDA7EB282B257938006ED3F3 /* QuoteDetailModel.swift in Sources */ = {isa = PBXBuildFile; fileRef = FDA7EB272B257938006ED3F3 /* QuoteDetailModel.swift */; };
		FDA7EB2A2B257B8A006ED3F3 /* QuoteDetailView.swift in Sources */ = {isa = PBXBuildFile; fileRef = FDA7EB292B257B8A006ED3F3 /* QuoteDetailView.swift */; };
		FDA7EB2C2B257D81006ED3F3 /* QuoteDetailViewController.swift in Sources */ = {isa = PBXBuildFile; fileRef = FDA7EB2B2B257D81006ED3F3 /* QuoteDetailViewController.swift */; };
		FDA7EB2F2B25833C006ED3F3 /* ListQuoteModel.swift in Sources */ = {isa = PBXBuildFile; fileRef = FDA7EB2E2B25833C006ED3F3 /* ListQuoteModel.swift */; };
		FDA7EB312B25839D006ED3F3 /* QuoteCell.swift in Sources */ = {isa = PBXBuildFile; fileRef = FDA7EB302B25839D006ED3F3 /* QuoteCell.swift */; };
		FDA7EB342B258434006ED3F3 /* QuoteViewController.swift in Sources */ = {isa = PBXBuildFile; fileRef = FDA7EB332B258434006ED3F3 /* QuoteViewController.swift */; };
		FDFCC7E92B1E5D0C0076A690 /* AppDelegate.swift in Sources */ = {isa = PBXBuildFile; fileRef = FDFCC7E82B1E5D0C0076A690 /* AppDelegate.swift */; };
		FDFCC7EB2B1E5D0C0076A690 /* SceneDelegate.swift in Sources */ = {isa = PBXBuildFile; fileRef = FDFCC7EA2B1E5D0C0076A690 /* SceneDelegate.swift */; };
		FDFCC7F22B1E5D110076A690 /* Assets.xcassets in Resources */ = {isa = PBXBuildFile; fileRef = FDFCC7F12B1E5D110076A690 /* Assets.xcassets */; };
		FDFCC7F52B1E5D110076A690 /* LaunchScreen.storyboard in Resources */ = {isa = PBXBuildFile; fileRef = FDFCC7F32B1E5D110076A690 /* LaunchScreen.storyboard */; };
/* End PBXBuildFile section */

/* Begin PBXFileReference section */
		FDA7EB0F2B256D5B006ED3F3 /* AppCoordinator.swift */ = {isa = PBXFileReference; lastKnownFileType = sourcecode.swift; path = AppCoordinator.swift; sourceTree = "<group>"; };
		FDA7EB122B256DDB006ED3F3 /* Providers.swift */ = {isa = PBXFileReference; lastKnownFileType = sourcecode.swift; path = Providers.swift; sourceTree = "<group>"; };
		FDA7EB142B256E76006ED3F3 /* QuoteCoordinator.swift */ = {isa = PBXFileReference; lastKnownFileType = sourcecode.swift; path = QuoteCoordinator.swift; sourceTree = "<group>"; };
		FDA7EB162B256FAB006ED3F3 /* AnyDecodable.swift */ = {isa = PBXFileReference; lastKnownFileType = sourcecode.swift; path = AnyDecodable.swift; sourceTree = "<group>"; };
		FDA7EB182B256FED006ED3F3 /* QuoteChartsResults.swift */ = {isa = PBXFileReference; lastKnownFileType = sourcecode.swift; path = QuoteChartsResults.swift; sourceTree = "<group>"; };
		FDA7EB1A2B2570B1006ED3F3 /* QuoteClient.swift */ = {isa = PBXFileReference; lastKnownFileType = sourcecode.swift; path = QuoteClient.swift; sourceTree = "<group>"; };
		FDA7EB1C2B2570F7006ED3F3 /* QuoteListResult.swift */ = {isa = PBXFileReference; lastKnownFileType = sourcecode.swift; path = QuoteListResult.swift; sourceTree = "<group>"; };
		FDA7EB1F2B257748006ED3F3 /* TimeIntervalControl.swift */ = {isa = PBXFileReference; lastKnownFileType = sourcecode.swift; path = TimeIntervalControl.swift; sourceTree = "<group>"; };
		FDA7EB212B2577ED006ED3F3 /* Theme.swift */ = {isa = PBXFileReference; indentWidth = 4; lastKnownFileType = sourcecode.swift; path = Theme.swift; sourceTree = "<group>"; };
		FDA7EB232B257835006ED3F3 /* ErrorDetail.swift */ = {isa = PBXFileReference; lastKnownFileType = sourcecode.swift; path = ErrorDetail.swift; sourceTree = "<group>"; };
		FDA7EB252B2578ED006ED3F3 /* GraphView.swift */ = {isa = PBXFileReference; lastKnownFileType = sourcecode.swift; path = GraphView.swift; sourceTree = "<group>"; };
		FDA7EB272B257938006ED3F3 /* QuoteDetailModel.swift */ = {isa = PBXFileReference; indentWidth = 4; lastKnownFileType = sourcecode.swift; path = QuoteDetailModel.swift; sourceTree = "<group>"; };
		FDA7EB292B257B8A006ED3F3 /* QuoteDetailView.swift */ = {isa = PBXFileReference; lastKnownFileType = sourcecode.swift; path = QuoteDetailView.swift; sourceTree = "<group>"; };
		FDA7EB2B2B257D81006ED3F3 /* QuoteDetailViewController.swift */ = {isa = PBXFileReference; indentWidth = 4; lastKnownFileType = sourcecode.swift; path = QuoteDetailViewController.swift; sourceTree = "<group>"; };
		FDA7EB2E2B25833C006ED3F3 /* ListQuoteModel.swift */ = {isa = PBXFileReference; lastKnownFileType = sourcecode.swift; path = ListQuoteModel.swift; sourceTree = "<group>"; };
		FDA7EB302B25839D006ED3F3 /* QuoteCell.swift */ = {isa = PBXFileReference; lastKnownFileType = sourcecode.swift; path = QuoteCell.swift; sourceTree = "<group>"; };
		FDA7EB332B258434006ED3F3 /* QuoteViewController.swift */ = {isa = PBXFileReference; lastKnownFileType = sourcecode.swift; path = QuoteViewController.swift; sourceTree = "<group>"; };
		FDFCC7E52B1E5D0C0076A690 /* goodinvest.app */ = {isa = PBXFileReference; explicitFileType = wrapper.application; includeInIndex = 0; path = goodinvest.app; sourceTree = BUILT_PRODUCTS_DIR; };
		FDFCC7E82B1E5D0C0076A690 /* AppDelegate.swift */ = {isa = PBXFileReference; lastKnownFileType = sourcecode.swift; path = AppDelegate.swift; sourceTree = "<group>"; };
		FDFCC7EA2B1E5D0C0076A690 /* SceneDelegate.swift */ = {isa = PBXFileReference; indentWidth = 4; lastKnownFileType = sourcecode.swift; path = SceneDelegate.swift; sourceTree = "<group>"; };
		FDFCC7F12B1E5D110076A690 /* Assets.xcassets */ = {isa = PBXFileReference; lastKnownFileType = folder.assetcatalog; path = Assets.xcassets; sourceTree = "<group>"; };
		FDFCC7F42B1E5D110076A690 /* Base */ = {isa = PBXFileReference; lastKnownFileType = file.storyboard; name = Base; path = Base.lproj/LaunchScreen.storyboard; sourceTree = "<group>"; };
		FDFCC7F62B1E5D110076A690 /* Info.plist */ = {isa = PBXFileReference; lastKnownFileType = text.plist.xml; path = Info.plist; sourceTree = "<group>"; };
/* End PBXFileReference section */

/* Begin PBXFrameworksBuildPhase section */
		FDFCC7E22B1E5D0C0076A690 /* Frameworks */ = {
			isa = PBXFrameworksBuildPhase;
			buildActionMask = 2147483647;
			files = (
			);
			runOnlyForDeploymentPostprocessing = 0;
		};
/* End PBXFrameworksBuildPhase section */

/* Begin PBXGroup section */
		FDA7EB112B256D6B006ED3F3 /* Navigation */ = {
			isa = PBXGroup;
			children = (
				FDA7EB0F2B256D5B006ED3F3 /* AppCoordinator.swift */,
				FDA7EB142B256E76006ED3F3 /* QuoteCoordinator.swift */,
			);
			path = Navigation;
			sourceTree = "<group>";
		};
		FDA7EB1E2B2571F9006ED3F3 /* GetQuotes */ = {
			isa = PBXGroup;
			children = (
				FDA7EB162B256FAB006ED3F3 /* AnyDecodable.swift */,
				FDA7EB182B256FED006ED3F3 /* QuoteChartsResults.swift */,
				FDA7EB1A2B2570B1006ED3F3 /* QuoteClient.swift */,
				FDA7EB1C2B2570F7006ED3F3 /* QuoteListResult.swift */,
			);
			path = GetQuotes;
			sourceTree = "<group>";
		};
		FDA7EB2D2B257E01006ED3F3 /* QuoteDetailed */ = {
			isa = PBXGroup;
			children = (
				FDA7EB232B257835006ED3F3 /* ErrorDetail.swift */,
				FDA7EB272B257938006ED3F3 /* QuoteDetailModel.swift */,
				FDA7EB252B2578ED006ED3F3 /* GraphView.swift */,
				FDA7EB1F2B257748006ED3F3 /* TimeIntervalControl.swift */,
				FDA7EB292B257B8A006ED3F3 /* QuoteDetailView.swift */,
				FDA7EB2B2B257D81006ED3F3 /* QuoteDetailViewController.swift */,
			);
			path = QuoteDetailed;
			sourceTree = "<group>";
		};
		FDA7EB322B2583ED006ED3F3 /* QuoteList */ = {
			isa = PBXGroup;
			children = (
				FDA7EB1E2B2571F9006ED3F3 /* GetQuotes */,
				FDA7EB302B25839D006ED3F3 /* QuoteCell.swift */,
				FDA7EB2E2B25833C006ED3F3 /* ListQuoteModel.swift */,
				FDA7EB332B258434006ED3F3 /* QuoteViewController.swift */,
			);
			path = QuoteList;
			sourceTree = "<group>";
		};
		FDFCC7DC2B1E5D0B0076A690 = {
			isa = PBXGroup;
			children = (
				FDFCC7E72B1E5D0C0076A690 /* goodinvest */,
				FDFCC7E62B1E5D0C0076A690 /* Products */,
			);
			sourceTree = "<group>";
		};
		FDFCC7E62B1E5D0C0076A690 /* Products */ = {
			isa = PBXGroup;
			children = (
				FDFCC7E52B1E5D0C0076A690 /* goodinvest.app */,
			);
			name = Products;
			sourceTree = "<group>";
		};
		FDFCC7E72B1E5D0C0076A690 /* goodinvest */ = {
			isa = PBXGroup;
			children = (
				FDA7EB122B256DDB006ED3F3 /* Providers.swift */,
				FDA7EB212B2577ED006ED3F3 /* Theme.swift */,
				FDA7EB112B256D6B006ED3F3 /* Navigation */,
				FDA7EB322B2583ED006ED3F3 /* QuoteList */,
				FDA7EB2D2B257E01006ED3F3 /* QuoteDetailed */,
				FDFCC7E82B1E5D0C0076A690 /* AppDelegate.swift */,
				FDFCC7EA2B1E5D0C0076A690 /* SceneDelegate.swift */,
				FDFCC7F12B1E5D110076A690 /* Assets.xcassets */,
				FDFCC7F32B1E5D110076A690 /* LaunchScreen.storyboard */,
				FDFCC7F62B1E5D110076A690 /* Info.plist */,
			);
			path = goodinvest;
			sourceTree = "<group>";
		};
/* End PBXGroup section */

/* Begin PBXNativeTarget section */
		FDFCC7E42B1E5D0C0076A690 /* goodinvest */ = {
			isa = PBXNativeTarget;
			buildConfigurationList = FDFCC7F92B1E5D110076A690 /* Build configuration list for PBXNativeTarget "goodinvest" */;
			buildPhases = (
				FDFCC7E12B1E5D0C0076A690 /* Sources */,
				FDFCC7E22B1E5D0C0076A690 /* Frameworks */,
				FDFCC7E32B1E5D0C0076A690 /* Resources */,
			);
			buildRules = (
			);
			dependencies = (
			);
			name = goodinvest;
			productName = goodinvest;
			productReference = FDFCC7E52B1E5D0C0076A690 /* goodinvest.app */;
			productType = "com.apple.product-type.application";
		};
/* End PBXNativeTarget section */

/* Begin PBXProject section */
		FDFCC7DD2B1E5D0B0076A690 /* Project object */ = {
			isa = PBXProject;
			attributes = {
				BuildIndependentTargetsInParallel = 1;
				LastSwiftUpdateCheck = 1420;
				LastUpgradeCheck = 1420;
				TargetAttributes = {
					FDFCC7E42B1E5D0C0076A690 = {
						CreatedOnToolsVersion = 14.2;
					};
				};
			};
			buildConfigurationList = FDFCC7E02B1E5D0B0076A690 /* Build configuration list for PBXProject "goodinvest" */;
			compatibilityVersion = "Xcode 14.0";
			developmentRegion = en;
			hasScannedForEncodings = 0;
			knownRegions = (
				en,
				Base,
			);
			mainGroup = FDFCC7DC2B1E5D0B0076A690;
			productRefGroup = FDFCC7E62B1E5D0C0076A690 /* Products */;
			projectDirPath = "";
			projectRoot = "";
			targets = (
				FDFCC7E42B1E5D0C0076A690 /* goodinvest */,
			);
		};
/* End PBXProject section */

/* Begin PBXResourcesBuildPhase section */
		FDFCC7E32B1E5D0C0076A690 /* Resources */ = {
			isa = PBXResourcesBuildPhase;
			buildActionMask = 2147483647;
			files = (
				FDFCC7F52B1E5D110076A690 /* LaunchScreen.storyboard in Resources */,
				FDFCC7F22B1E5D110076A690 /* Assets.xcassets in Resources */,
			);
			runOnlyForDeploymentPostprocessing = 0;
		};
/* End PBXResourcesBuildPhase section */

/* Begin PBXSourcesBuildPhase section */
		FDFCC7E12B1E5D0C0076A690 /* Sources */ = {
			isa = PBXSourcesBuildPhase;
			buildActionMask = 2147483647;
			files = (
				FDA7EB172B256FAB006ED3F3 /* AnyDecodable.swift in Sources */,
				FDA7EB2C2B257D81006ED3F3 /* QuoteDetailViewController.swift in Sources */,
				FDA7EB2A2B257B8A006ED3F3 /* QuoteDetailView.swift in Sources */,
				FDA7EB202B257748006ED3F3 /* TimeIntervalControl.swift in Sources */,
				FDA7EB1B2B2570B1006ED3F3 /* QuoteClient.swift in Sources */,
				FDA7EB132B256DDB006ED3F3 /* Providers.swift in Sources */,
				FDA7EB222B2577ED006ED3F3 /* Theme.swift in Sources */,
				FDA7EB242B257835006ED3F3 /* ErrorDetail.swift in Sources */,
				FDA7EB282B257938006ED3F3 /* QuoteDetailModel.swift in Sources */,
				FDA7EB262B2578ED006ED3F3 /* GraphView.swift in Sources */,
				FDA7EB1D2B2570F7006ED3F3 /* QuoteListResult.swift in Sources */,
				FDA7EB102B256D5B006ED3F3 /* AppCoordinator.swift in Sources */,
				FDA7EB312B25839D006ED3F3 /* QuoteCell.swift in Sources */,
				FDFCC7E92B1E5D0C0076A690 /* AppDelegate.swift in Sources */,
				FDA7EB192B256FED006ED3F3 /* QuoteChartsResults.swift in Sources */,
				FDA7EB342B258434006ED3F3 /* QuoteViewController.swift in Sources */,
				FDA7EB152B256E76006ED3F3 /* QuoteCoordinator.swift in Sources */,
				FDA7EB2F2B25833C006ED3F3 /* ListQuoteModel.swift in Sources */,
				FDFCC7EB2B1E5D0C0076A690 /* SceneDelegate.swift in Sources */,
			);
			runOnlyForDeploymentPostprocessing = 0;
		};
/* End PBXSourcesBuildPhase section */

/* Begin PBXVariantGroup section */
		FDFCC7F32B1E5D110076A690 /* LaunchScreen.storyboard */ = {
			isa = PBXVariantGroup;
			children = (
				FDFCC7F42B1E5D110076A690 /* Base */,
			);
			name = LaunchScreen.storyboard;
			sourceTree = "<group>";
		};
/* End PBXVariantGroup section */

/* Begin XCBuildConfiguration section */
		FDFCC7F72B1E5D110076A690 /* Debug */ = {
			isa = XCBuildConfiguration;
			buildSettings = {
				ALWAYS_SEARCH_USER_PATHS = NO;
				CLANG_ANALYZER_NONNULL = YES;
				CLANG_ANALYZER_NUMBER_OBJECT_CONVERSION = YES_AGGRESSIVE;
				CLANG_CXX_LANGUAGE_STANDARD = "gnu++20";
				CLANG_ENABLE_MODULES = YES;
				CLANG_ENABLE_OBJC_ARC = YES;
				CLANG_ENABLE_OBJC_WEAK = YES;
				CLANG_WARN_BLOCK_CAPTURE_AUTORELEASING = YES;
				CLANG_WARN_BOOL_CONVERSION = YES;
				CLANG_WARN_COMMA = YES;
				CLANG_WARN_CONSTANT_CONVERSION = YES;
				CLANG_WARN_DEPRECATED_OBJC_IMPLEMENTATIONS = YES;
				CLANG_WARN_DIRECT_OBJC_ISA_USAGE = YES_ERROR;
				CLANG_WARN_DOCUMENTATION_COMMENTS = YES;
				CLANG_WARN_EMPTY_BODY = YES;
				CLANG_WARN_ENUM_CONVERSION = YES;
				CLANG_WARN_INFINITE_RECURSION = YES;
				CLANG_WARN_INT_CONVERSION = YES;
				CLANG_WARN_NON_LITERAL_NULL_CONVERSION = YES;
				CLANG_WARN_OBJC_IMPLICIT_RETAIN_SELF = YES;
				CLANG_WARN_OBJC_LITERAL_CONVERSION = YES;
				CLANG_WARN_OBJC_ROOT_CLASS = YES_ERROR;
				CLANG_WARN_QUOTED_INCLUDE_IN_FRAMEWORK_HEADER = YES;
				CLANG_WARN_RANGE_LOOP_ANALYSIS = YES;
				CLANG_WARN_STRICT_PROTOTYPES = YES;
				CLANG_WARN_SUSPICIOUS_MOVE = YES;
				CLANG_WARN_UNGUARDED_AVAILABILITY = YES_AGGRESSIVE;
				CLANG_WARN_UNREACHABLE_CODE = YES;
				CLANG_WARN__DUPLICATE_METHOD_MATCH = YES;
				COPY_PHASE_STRIP = NO;
				DEBUG_INFORMATION_FORMAT = dwarf;
				ENABLE_STRICT_OBJC_MSGSEND = YES;
				ENABLE_TESTABILITY = YES;
				GCC_C_LANGUAGE_STANDARD = gnu11;
				GCC_DYNAMIC_NO_PIC = NO;
				GCC_NO_COMMON_BLOCKS = YES;
				GCC_OPTIMIZATION_LEVEL = 0;
				GCC_PREPROCESSOR_DEFINITIONS = (
					"DEBUG=1",
					"$(inherited)",
				);
				GCC_WARN_64_TO_32_BIT_CONVERSION = YES;
				GCC_WARN_ABOUT_RETURN_TYPE = YES_ERROR;
				GCC_WARN_UNDECLARED_SELECTOR = YES;
				GCC_WARN_UNINITIALIZED_AUTOS = YES_AGGRESSIVE;
				GCC_WARN_UNUSED_FUNCTION = YES;
				GCC_WARN_UNUSED_VARIABLE = YES;
				IPHONEOS_DEPLOYMENT_TARGET = 16.2;
				MTL_ENABLE_DEBUG_INFO = INCLUDE_SOURCE;
				MTL_FAST_MATH = YES;
				ONLY_ACTIVE_ARCH = YES;
				SDKROOT = iphoneos;
				SWIFT_ACTIVE_COMPILATION_CONDITIONS = DEBUG;
				SWIFT_OPTIMIZATION_LEVEL = "-Onone";
			};
			name = Debug;
		};
		FDFCC7F82B1E5D110076A690 /* Release */ = {
			isa = XCBuildConfiguration;
			buildSettings = {
				ALWAYS_SEARCH_USER_PATHS = NO;
				CLANG_ANALYZER_NONNULL = YES;
				CLANG_ANALYZER_NUMBER_OBJECT_CONVERSION = YES_AGGRESSIVE;
				CLANG_CXX_LANGUAGE_STANDARD = "gnu++20";
				CLANG_ENABLE_MODULES = YES;
				CLANG_ENABLE_OBJC_ARC = YES;
				CLANG_ENABLE_OBJC_WEAK = YES;
				CLANG_WARN_BLOCK_CAPTURE_AUTORELEASING = YES;
				CLANG_WARN_BOOL_CONVERSION = YES;
				CLANG_WARN_COMMA = YES;
				CLANG_WARN_CONSTANT_CONVERSION = YES;
				CLANG_WARN_DEPRECATED_OBJC_IMPLEMENTATIONS = YES;
				CLANG_WARN_DIRECT_OBJC_ISA_USAGE = YES_ERROR;
				CLANG_WARN_DOCUMENTATION_COMMENTS = YES;
				CLANG_WARN_EMPTY_BODY = YES;
				CLANG_WARN_ENUM_CONVERSION = YES;
				CLANG_WARN_INFINITE_RECURSION = YES;
				CLANG_WARN_INT_CONVERSION = YES;
				CLANG_WARN_NON_LITERAL_NULL_CONVERSION = YES;
				CLANG_WARN_OBJC_IMPLICIT_RETAIN_SELF = YES;
				CLANG_WARN_OBJC_LITERAL_CONVERSION = YES;
				CLANG_WARN_OBJC_ROOT_CLASS = YES_ERROR;
				CLANG_WARN_QUOTED_INCLUDE_IN_FRAMEWORK_HEADER = YES;
				CLANG_WARN_RANGE_LOOP_ANALYSIS = YES;
				CLANG_WARN_STRICT_PROTOTYPES = YES;
				CLANG_WARN_SUSPICIOUS_MOVE = YES;
				CLANG_WARN_UNGUARDED_AVAILABILITY = YES_AGGRESSIVE;
				CLANG_WARN_UNREACHABLE_CODE = YES;
				CLANG_WARN__DUPLICATE_METHOD_MATCH = YES;
				COPY_PHASE_STRIP = NO;
				DEBUG_INFORMATION_FORMAT = "dwarf-with-dsym";
				ENABLE_NS_ASSERTIONS = NO;
				ENABLE_STRICT_OBJC_MSGSEND = YES;
				GCC_C_LANGUAGE_STANDARD = gnu11;
				GCC_NO_COMMON_BLOCKS = YES;
				GCC_WARN_64_TO_32_BIT_CONVERSION = YES;
				GCC_WARN_ABOUT_RETURN_TYPE = YES_ERROR;
				GCC_WARN_UNDECLARED_SELECTOR = YES;
				GCC_WARN_UNINITIALIZED_AUTOS = YES_AGGRESSIVE;
				GCC_WARN_UNUSED_FUNCTION = YES;
				GCC_WARN_UNUSED_VARIABLE = YES;
				IPHONEOS_DEPLOYMENT_TARGET = 16.2;
				MTL_ENABLE_DEBUG_INFO = NO;
				MTL_FAST_MATH = YES;
				SDKROOT = iphoneos;
				SWIFT_COMPILATION_MODE = wholemodule;
				SWIFT_OPTIMIZATION_LEVEL = "-O";
				VALIDATE_PRODUCT = YES;
			};
			name = Release;
		};
		FDFCC7FA2B1E5D110076A690 /* Debug */ = {
			isa = XCBuildConfiguration;
			buildSettings = {
				ASSETCATALOG_COMPILER_APPICON_NAME = AppIcon;
				ASSETCATALOG_COMPILER_GLOBAL_ACCENT_COLOR_NAME = AccentColor;
				CODE_SIGN_STYLE = Automatic;
				CURRENT_PROJECT_VERSION = 1;
				GENERATE_INFOPLIST_FILE = YES;
				INFOPLIST_FILE = goodinvest/Info.plist;
				INFOPLIST_KEY_UIApplicationSupportsIndirectInputEvents = YES;
				INFOPLIST_KEY_UILaunchStoryboardName = LaunchScreen;
				INFOPLIST_KEY_UISupportedInterfaceOrientations_iPad = "UIInterfaceOrientationPortrait UIInterfaceOrientationPortraitUpsideDown UIInterfaceOrientationLandscapeLeft UIInterfaceOrientationLandscapeRight";
				INFOPLIST_KEY_UISupportedInterfaceOrientations_iPhone = "UIInterfaceOrientationPortrait UIInterfaceOrientationLandscapeLeft UIInterfaceOrientationLandscapeRight";
				LD_RUNPATH_SEARCH_PATHS = (
					"$(inherited)",
					"@executable_path/Frameworks",
				);
				MARKETING_VERSION = 1.0;
				PRODUCT_BUNDLE_IDENTIFIER = aaa.goodinvest;
				PRODUCT_NAME = "$(TARGET_NAME)";
				SWIFT_EMIT_LOC_STRINGS = YES;
				SWIFT_VERSION = 5.0;
				TARGETED_DEVICE_FAMILY = "1,2";
			};
			name = Debug;
		};
		FDFCC7FB2B1E5D110076A690 /* Release */ = {
			isa = XCBuildConfiguration;
			buildSettings = {
				ASSETCATALOG_COMPILER_APPICON_NAME = AppIcon;
				ASSETCATALOG_COMPILER_GLOBAL_ACCENT_COLOR_NAME = AccentColor;
				CODE_SIGN_STYLE = Automatic;
				CURRENT_PROJECT_VERSION = 1;
				GENERATE_INFOPLIST_FILE = YES;
				INFOPLIST_FILE = goodinvest/Info.plist;
				INFOPLIST_KEY_UIApplicationSupportsIndirectInputEvents = YES;
				INFOPLIST_KEY_UILaunchStoryboardName = LaunchScreen;
				INFOPLIST_KEY_UISupportedInterfaceOrientations_iPad = "UIInterfaceOrientationPortrait UIInterfaceOrientationPortraitUpsideDown UIInterfaceOrientationLandscapeLeft UIInterfaceOrientationLandscapeRight";
				INFOPLIST_KEY_UISupportedInterfaceOrientations_iPhone = "UIInterfaceOrientationPortrait UIInterfaceOrientationLandscapeLeft UIInterfaceOrientationLandscapeRight";
				LD_RUNPATH_SEARCH_PATHS = (
					"$(inherited)",
					"@executable_path/Frameworks",
				);
				MARKETING_VERSION = 1.0;
				PRODUCT_BUNDLE_IDENTIFIER = aaa.goodinvest;
				PRODUCT_NAME = "$(TARGET_NAME)";
				SWIFT_EMIT_LOC_STRINGS = YES;
				SWIFT_VERSION = 5.0;
				TARGETED_DEVICE_FAMILY = "1,2";
			};
			name = Release;
		};
/* End XCBuildConfiguration section */

/* Begin XCConfigurationList section */
		FDFCC7E02B1E5D0B0076A690 /* Build configuration list for PBXProject "goodinvest" */ = {
			isa = XCConfigurationList;
			buildConfigurations = (
				FDFCC7F72B1E5D110076A690 /* Debug */,
				FDFCC7F82B1E5D110076A690 /* Release */,
			);
			defaultConfigurationIsVisible = 0;
			defaultConfigurationName = Release;
		};
		FDFCC7F92B1E5D110076A690 /* Build configuration list for PBXNativeTarget "goodinvest" */ = {
			isa = XCConfigurationList;
			buildConfigurations = (
				FDFCC7FA2B1E5D110076A690 /* Debug */,
				FDFCC7FB2B1E5D110076A690 /* Release */,
			);
			defaultConfigurationIsVisible = 0;
			defaultConfigurationName = Release;
		};
/* End XCConfigurationList section */
	};
	rootObject = FDFCC7DD2B1E5D0B0076A690 /* Project object */;
}
